<Solution>
  <Folder Name="/tests/">
    <Project Path="tests/CatalogoDev.Tests/CatalogoDev.Tests.csproj" />
  </Folder>
  <Project Path="CatalogoDev.Api/CatalogoDev.Api.csproj" />
  <Project Path="CatalogoDev.Application/CatalogoDev.Application.csproj" />
  <Project Path="CatalogoDev.Domain/CatalogoDev.Domain.csproj" />
  <Project Path="CatalogoDev.Infrastructure/CatalogoDev.Infrastructure.csproj" />
</Solution>
